// !$*UTF8*$!
{
	archiveVersion = 1;
	classes = {
	};
	objectVersion = 46;
	objects = {

/* Begin PBXBuildFile section */
		871018331A841928000CEDBD /* AppDelegate.m in Sources */ = {isa = PBXBuildFile; fileRef = 8710181F1A841928000CEDBD /* AppDelegate.m */; };
		871018341A841928000CEDBD /* LaunchScreen.xib in Resources */ = {isa = PBXBuildFile; fileRef = 871018201A841928000CEDBD /* LaunchScreen.xib */; };
		871018351A841928000CEDBD /* Main.storyboard in Resources */ = {isa = PBXBuildFile; fileRef = 871018221A841928000CEDBD /* Main.storyboard */; };
		871018361A841928000CEDBD /* FJFaceDetector.mm in Sources */ = {isa = PBXBuildFile; fileRef = 871018251A841928000CEDBD /* FJFaceDetector.mm */; };
		871018371A841928000CEDBD /* FJFaceRecognitionViewController.m in Sources */ = {isa = PBXBuildFile; fileRef = 871018271A841928000CEDBD /* FJFaceRecognitionViewController.m */; };
		871018381A841928000CEDBD /* FJFaceRecognizer.mm in Sources */ = {isa = PBXBuildFile; fileRef = 871018291A841928000CEDBD /* FJFaceRecognizer.mm */; };
		871018391A841928000CEDBD /* haarcascade_eye_tree_eyeglasses.xml in Resources */ = {isa = PBXBuildFile; fileRef = 8710182A1A841928000CEDBD /* haarcascade_eye_tree_eyeglasses.xml */; };
		8710183A1A841928000CEDBD /* haarcascade_frontalface_alt2.xml in Resources */ = {isa = PBXBuildFile; fileRef = 8710182B1A841928000CEDBD /* haarcascade_frontalface_alt2.xml */; };
		8710183B1A841928000CEDBD /* Images.xcassets in Resources */ = {isa = PBXBuildFile; fileRef = 8710182C1A841928000CEDBD /* Images.xcassets */; };
		8710183C1A841928000CEDBD /* Info.plist in Resources */ = {isa = PBXBuildFile; fileRef = 8710182D1A841928000CEDBD /* Info.plist */; };
		8710183D1A841928000CEDBD /* main.m in Sources */ = {isa = PBXBuildFile; fileRef = 8710182E1A841928000CEDBD /* main.m */; };
		8710183E1A841928000CEDBD /* UIImage+OpenCV.mm in Sources */ = {isa = PBXBuildFile; fileRef = 871018301A841928000CEDBD /* UIImage+OpenCV.mm */; };
		8710183F1A841928000CEDBD /* FJLiveCameraViewController.m in Sources */ = {isa = PBXBuildFile; fileRef = 871018321A841928000CEDBD /* FJLiveCameraViewController.m */; };
		FE12FC24DB0804071032E86A /* libPods-opencv-facerec.a in Frameworks */ = {isa = PBXBuildFile; fileRef = 8BDDCA62108803A728EB4810 /* libPods-opencv-facerec.a */; };
/* End PBXBuildFile section */

/* Begin PBXFileReference section */
		1986BAD679DE6E19B4FAF424 /* Pods-opencv-facerec.debug.xcconfig */ = {isa = PBXFileReference; includeInIndex = 1; lastKnownFileType = text.xcconfig; name = "Pods-opencv-facerec.debug.xcconfig"; path = "Pods/Target Support Files/Pods-opencv-facerec/Pods-opencv-facerec.debug.xcconfig"; sourceTree = "<group>"; };
		47A50C0BA07F8CFD52D30073 /* Pods.release.xcconfig */ = {isa = PBXFileReference; includeInIndex = 1; lastKnownFileType = text.xcconfig; name = Pods.release.xcconfig; path = "Pods/Target Support Files/Pods/Pods.release.xcconfig"; sourceTree = "<group>"; };
		6358370C65B537E4894DEFF9 /* Pods-opencv-facerec.release.xcconfig */ = {isa = PBXFileReference; includeInIndex = 1; lastKnownFileType = text.xcconfig; name = "Pods-opencv-facerec.release.xcconfig"; path = "Pods/Target Support Files/Pods-opencv-facerec/Pods-opencv-facerec.release.xcconfig"; sourceTree = "<group>"; };
		70A5E7535BA0C31A438E84CE /* libPods.a */ = {isa = PBXFileReference; explicitFileType = archive.ar; includeInIndex = 0; path = libPods.a; sourceTree = BUILT_PRODUCTS_DIR; };
		8710181E1A841928000CEDBD /* AppDelegate.h */ = {isa = PBXFileReference; fileEncoding = 4; lastKnownFileType = sourcecode.c.h; path = AppDelegate.h; sourceTree = "<group>"; };
		8710181F1A841928000CEDBD /* AppDelegate.m */ = {isa = PBXFileReference; fileEncoding = 4; lastKnownFileType = sourcecode.c.objc; path = AppDelegate.m; sourceTree = "<group>"; };
		871018211A841928000CEDBD /* Base */ = {isa = PBXFileReference; lastKnownFileType = file.xib; name = Base; path = Base.lproj/LaunchScreen.xib; sourceTree = "<group>"; };
		871018231A841928000CEDBD /* Base */ = {isa = PBXFileReference; lastKnownFileType = file.storyboard; name = Base; path = Base.lproj/Main.storyboard; sourceTree = "<group>"; };
		871018241A841928000CEDBD /* FJFaceDetector.h */ = {isa = PBXFileReference; fileEncoding = 4; lastKnownFileType = sourcecode.c.h; path = FJFaceDetector.h; sourceTree = "<group>"; };
		871018251A841928000CEDBD /* FJFaceDetector.mm */ = {isa = PBXFileReference; fileEncoding = 4; lastKnownFileType = sourcecode.cpp.objcpp; path = FJFaceDetector.mm; sourceTree = "<group>"; };
		871018261A841928000CEDBD /* FJFaceRecognitionViewController.h */ = {isa = PBXFileReference; fileEncoding = 4; lastKnownFileType = sourcecode.c.h; path = FJFaceRecognitionViewController.h; sourceTree = "<group>"; };
		871018271A841928000CEDBD /* FJFaceRecognitionViewController.m */ = {isa = PBXFileReference; fileEncoding = 4; lastKnownFileType = sourcecode.c.objc; path = FJFaceRecognitionViewController.m; sourceTree = "<group>"; };
		871018281A841928000CEDBD /* FJFaceRecognizer.h */ = {isa = PBXFileReference; fileEncoding = 4; lastKnownFileType = sourcecode.c.h; path = FJFaceRecognizer.h; sourceTree = "<group>"; };
		871018291A841928000CEDBD /* FJFaceRecognizer.mm */ = {isa = PBXFileReference; fileEncoding = 4; lastKnownFileType = sourcecode.cpp.objcpp; path = FJFaceRecognizer.mm; sourceTree = "<group>"; };
		8710182A1A841928000CEDBD /* haarcascade_eye_tree_eyeglasses.xml */ = {isa = PBXFileReference; fileEncoding = 4; lastKnownFileType = text.xml; path = haarcascade_eye_tree_eyeglasses.xml; sourceTree = "<group>"; };
		8710182B1A841928000CEDBD /* haarcascade_frontalface_alt2.xml */ = {isa = PBXFileReference; fileEncoding = 4; lastKnownFileType = text.xml; path = haarcascade_frontalface_alt2.xml; sourceTree = "<group>"; };
		8710182C1A841928000CEDBD /* Images.xcassets */ = {isa = PBXFileReference; lastKnownFileType = folder.assetcatalog; path = Images.xcassets; sourceTree = "<group>"; };
		8710182D1A841928000CEDBD /* Info.plist */ = {isa = PBXFileReference; fileEncoding = 4; lastKnownFileType = text.plist.xml; path = Info.plist; sourceTree = "<group>"; };
		8710182E1A841928000CEDBD /* main.m */ = {isa = PBXFileReference; fileEncoding = 4; lastKnownFileType = sourcecode.c.objc; path = main.m; sourceTree = "<group>"; };
		8710182F1A841928000CEDBD /* UIImage+OpenCV.h */ = {isa = PBXFileReference; fileEncoding = 4; lastKnownFileType = sourcecode.c.h; path = "UIImage+OpenCV.h"; sourceTree = "<group>"; };
		871018301A841928000CEDBD /* UIImage+OpenCV.mm */ = {isa = PBXFileReference; fileEncoding = 4; lastKnownFileType = sourcecode.cpp.objcpp; path = "UIImage+OpenCV.mm"; sourceTree = "<group>"; };
		871018311A841928000CEDBD /* FJLiveCameraViewController.h */ = {isa = PBXFileReference; fileEncoding = 4; lastKnownFileType = sourcecode.c.h; path = FJLiveCameraViewController.h; sourceTree = "<group>"; };
		871018321A841928000CEDBD /* FJLiveCameraViewController.m */ = {isa = PBXFileReference; fileEncoding = 4; lastKnownFileType = sourcecode.c.objc; path = FJLiveCameraViewController.m; sourceTree = "<group>"; };
		872C48E71A69251A001BD610 /* opencv-facerec.app */ = {isa = PBXFileReference; explicitFileType = wrapper.application; includeInIndex = 0; path = "opencv-facerec.app"; sourceTree = BUILT_PRODUCTS_DIR; };
		8BDDCA62108803A728EB4810 /* libPods-opencv-facerec.a */ = {isa = PBXFileReference; explicitFileType = archive.ar; includeInIndex = 0; path = "libPods-opencv-facerec.a"; sourceTree = BUILT_PRODUCTS_DIR; };
		EF45A0F0FD4B4534D50EC770 /* Pods.debug.xcconfig */ = {isa = PBXFileReference; includeInIndex = 1; lastKnownFileType = text.xcconfig; name = Pods.debug.xcconfig; path = "Pods/Target Support Files/Pods/Pods.debug.xcconfig"; sourceTree = "<group>"; };
/* End PBXFileReference section */

/* Begin PBXFrameworksBuildPhase section */
		872C48E41A69251A001BD610 /* Frameworks */ = {
			isa = PBXFrameworksBuildPhase;
			buildActionMask = 2147483647;
			files = (
				FE12FC24DB0804071032E86A /* libPods-opencv-facerec.a in Frameworks */,
			);
			runOnlyForDeploymentPostprocessing = 0;
		};
/* End PBXFrameworksBuildPhase section */

/* Begin PBXGroup section */
		1FAC551379DD0917CC2BA698 /* Frameworks */ = {
			isa = PBXGroup;
			children = (
				70A5E7535BA0C31A438E84CE /* libPods.a */,
				8BDDCA62108803A728EB4810 /* libPods-opencv-facerec.a */,
			);
			name = Frameworks;
			sourceTree = "<group>";
		};
		8710181D1A841928000CEDBD /* FaceRec */ = {
			isa = PBXGroup;
			children = (
				8710181E1A841928000CEDBD /* AppDelegate.h */,
				8710181F1A841928000CEDBD /* AppDelegate.m */,
				871018411A8419C1000CEDBD /* OpenCV Wrappers */,
				871018421A8419D0000CEDBD /* View Controllers */,
				871018401A841936000CEDBD /* Supporting Files */,
				8710182E1A841928000CEDBD /* main.m */,
				871018431A8419DE000CEDBD /* Categories */,
			);
			path = FaceRec;
			sourceTree = "<group>";
		};
		871018401A841936000CEDBD /* Supporting Files */ = {
			isa = PBXGroup;
			children = (
				871018201A841928000CEDBD /* LaunchScreen.xib */,
				8710182A1A841928000CEDBD /* haarcascade_eye_tree_eyeglasses.xml */,
				8710182B1A841928000CEDBD /* haarcascade_frontalface_alt2.xml */,
				8710182C1A841928000CEDBD /* Images.xcassets */,
				8710182D1A841928000CEDBD /* Info.plist */,
			);
			name = "Supporting Files";
			sourceTree = "<group>";
		};
		871018411A8419C1000CEDBD /* OpenCV Wrappers */ = {
			isa = PBXGroup;
			children = (
				871018241A841928000CEDBD /* FJFaceDetector.h */,
				871018251A841928000CEDBD /* FJFaceDetector.mm */,
				871018281A841928000CEDBD /* FJFaceRecognizer.h */,
				871018291A841928000CEDBD /* FJFaceRecognizer.mm */,
			);
			name = "OpenCV Wrappers";
			sourceTree = "<group>";
		};
		871018421A8419D0000CEDBD /* View Controllers */ = {
			isa = PBXGroup;
			children = (
				871018221A841928000CEDBD /* Main.storyboard */,
				871018261A841928000CEDBD /* FJFaceRecognitionViewController.h */,
				871018271A841928000CEDBD /* FJFaceRecognitionViewController.m */,
				871018311A841928000CEDBD /* FJLiveCameraViewController.h */,
				871018321A841928000CEDBD /* FJLiveCameraViewController.m */,
			);
			name = "View Controllers";
			sourceTree = "<group>";
		};
		871018431A8419DE000CEDBD /* Categories */ = {
			isa = PBXGroup;
			children = (
				8710182F1A841928000CEDBD /* UIImage+OpenCV.h */,
				871018301A841928000CEDBD /* UIImage+OpenCV.mm */,
			);
			name = Categories;
			sourceTree = "<group>";
		};
		872C48DE1A69251A001BD610 = {
			isa = PBXGroup;
			children = (
				8710181D1A841928000CEDBD /* FaceRec */,
				872C48E81A69251A001BD610 /* Products */,
				ECB32781E80F474F1022438B /* Pods */,
				1FAC551379DD0917CC2BA698 /* Frameworks */,
			);
			sourceTree = "<group>";
		};
		872C48E81A69251A001BD610 /* Products */ = {
			isa = PBXGroup;
			children = (
				872C48E71A69251A001BD610 /* opencv-facerec.app */,
			);
			name = Products;
			sourceTree = "<group>";
		};
		ECB32781E80F474F1022438B /* Pods */ = {
			isa = PBXGroup;
			children = (
				EF45A0F0FD4B4534D50EC770 /* Pods.debug.xcconfig */,
				47A50C0BA07F8CFD52D30073 /* Pods.release.xcconfig */,
				1986BAD679DE6E19B4FAF424 /* Pods-opencv-facerec.debug.xcconfig */,
				6358370C65B537E4894DEFF9 /* Pods-opencv-facerec.release.xcconfig */,
			);
			name = Pods;
			sourceTree = "<group>";
		};
/* End PBXGroup section */

/* Begin PBXNativeTarget section */
		872C48E61A69251A001BD610 /* opencv-facerec */ = {
			isa = PBXNativeTarget;
			buildConfigurationList = 872C490A1A69251A001BD610 /* Build configuration list for PBXNativeTarget "opencv-facerec" */;
			buildPhases = (
				6835256A8A6D20DEF06BF770 /* [CP] Check Pods Manifest.lock */,
				872C48E31A69251A001BD610 /* Sources */,
				872C48E41A69251A001BD610 /* Frameworks */,
				872C48E51A69251A001BD610 /* Resources */,
				F570683AB5E35E7AE533C528 /* [CP] Copy Pods Resources */,
				3CF3BFE0E730E6E0711F1DBF /* [CP] Embed Pods Frameworks */,
			);
			buildRules = (
			);
			dependencies = (
			);
			name = "opencv-facerec";
			productName = opencvtest;
			productReference = 872C48E71A69251A001BD610 /* opencv-facerec.app */;
			productType = "com.apple.product-type.application";
		};
/* End PBXNativeTarget section */

/* Begin PBXProject section */
		872C48DF1A69251A001BD610 /* Project object */ = {
			isa = PBXProject;
			attributes = {
				CLASSPREFIX = FJ;
				LastUpgradeCheck = 0610;
				ORGANIZATIONNAME = "Fifteen Jugglers Software";
				TargetAttributes = {
					872C48E61A69251A001BD610 = {
						CreatedOnToolsVersion = 6.1.1;
					};
				};
			};
			buildConfigurationList = 872C48E21A69251A001BD610 /* Build configuration list for PBXProject "iOS-OpenCV-FaceRec" */;
			compatibilityVersion = "Xcode 3.2";
			developmentRegion = English;
			hasScannedForEncodings = 0;
			knownRegions = (
				en,
				Base,
			);
			mainGroup = 872C48DE1A69251A001BD610;
			productRefGroup = 872C48E81A69251A001BD610 /* Products */;
			projectDirPath = "";
			projectRoot = "";
			targets = (
				872C48E61A69251A001BD610 /* opencv-facerec */,
			);
		};
/* End PBXProject section */

/* Begin PBXResourcesBuildPhase section */
		872C48E51A69251A001BD610 /* Resources */ = {
			isa = PBXResourcesBuildPhase;
			buildActionMask = 2147483647;
			files = (
				871018341A841928000CEDBD /* LaunchScreen.xib in Resources */,
				8710183B1A841928000CEDBD /* Images.xcassets in Resources */,
				8710183C1A841928000CEDBD /* Info.plist in Resources */,
				871018351A841928000CEDBD /* Main.storyboard in Resources */,
				8710183A1A841928000CEDBD /* haarcascade_frontalface_alt2.xml in Resources */,
				871018391A841928000CEDBD /* haarcascade_eye_tree_eyeglasses.xml in Resources */,
			);
			runOnlyForDeploymentPostprocessing = 0;
		};
/* End PBXResourcesBuildPhase section */

/* Begin PBXShellScriptBuildPhase section */
		3CF3BFE0E730E6E0711F1DBF /* [CP] Embed Pods Frameworks */ = {
			isa = PBXShellScriptBuildPhase;
			buildActionMask = 2147483647;
			files = (
			);
			inputPaths = (
			);
			name = "[CP] Embed Pods Frameworks";
			outputPaths = (
			);
			runOnlyForDeploymentPostprocessing = 0;
			shellPath = /bin/sh;
			shellScript = "\"${SRCROOT}/Pods/Target Support Files/Pods-opencv-facerec/Pods-opencv-facerec-frameworks.sh\"\n";
			showEnvVarsInLog = 0;
		};
		6835256A8A6D20DEF06BF770 /* [CP] Check Pods Manifest.lock */ = {
			isa = PBXShellScriptBuildPhase;
			buildActionMask = 2147483647;
			files = (
			);
			inputPaths = (
			);
			name = "[CP] Check Pods Manifest.lock";
			outputPaths = (
			);
			runOnlyForDeploymentPostprocessing = 0;
			shellPath = /bin/sh;
			shellScript = "diff \"${PODS_ROOT}/../Podfile.lock\" \"${PODS_ROOT}/Manifest.lock\" > /dev/null\nif [[ $? != 0 ]] ; then\n    cat << EOM\nerror: The sandbox is not in sync with the Podfile.lock. Run 'pod install' or update your CocoaPods installation.\nEOM\n    exit 1\nfi\n";
			showEnvVarsInLog = 0;
		};
		F570683AB5E35E7AE533C528 /* [CP] Copy Pods Resources */ = {
			isa = PBXShellScriptBuildPhase;
			buildActionMask = 2147483647;
			files = (
			);
			inputPaths = (
			);
			name = "[CP] Copy Pods Resources";
			outputPaths = (
			);
			runOnlyForDeploymentPostprocessing = 0;
			shellPath = /bin/sh;
			shellScript = "\"${SRCROOT}/Pods/Target Support Files/Pods-opencv-facerec/Pods-opencv-facerec-resources.sh\"\n";
			showEnvVarsInLog = 0;
		};
/* End PBXShellScriptBuildPhase section */

/* Begin PBXSourcesBuildPhase section */
		872C48E31A69251A001BD610 /* Sources */ = {
			isa = PBXSourcesBuildPhase;
			buildActionMask = 2147483647;
			files = (
				8710183F1A841928000CEDBD /* FJLiveCameraViewController.m in Sources */,
				8710183D1A841928000CEDBD /* main.m in Sources */,
				871018361A841928000CEDBD /* FJFaceDetector.mm in Sources */,
				871018371A841928000CEDBD /* FJFaceRecognitionViewController.m in Sources */,
				871018381A841928000CEDBD /* FJFaceRecognizer.mm in Sources */,
				8710183E1A841928000CEDBD /* UIImage+OpenCV.mm in Sources */,
				871018331A841928000CEDBD /* AppDelegate.m in Sources */,
			);
			runOnlyForDeploymentPostprocessing = 0;
		};
/* End PBXSourcesBuildPhase section */

/* Begin PBXVariantGroup section */
		871018201A841928000CEDBD /* LaunchScreen.xib */ = {
			isa = PBXVariantGroup;
			children = (
				871018211A841928000CEDBD /* Base */,
			);
			name = LaunchScreen.xib;
			sourceTree = "<group>";
		};
		871018221A841928000CEDBD /* Main.storyboard */ = {
			isa = PBXVariantGroup;
			children = (
				871018231A841928000CEDBD /* Base */,
			);
			name = Main.storyboard;
			sourceTree = "<group>";
		};
/* End PBXVariantGroup section */

/* Begin XCBuildConfiguration section */
		872C49081A69251A001BD610 /* Debug */ = {
			isa = XCBuildConfiguration;
			buildSettings = {
				ALWAYS_SEARCH_USER_PATHS = NO;
				CLANG_CXX_LANGUAGE_STANDARD = "gnu++0x";
				CLANG_CXX_LIBRARY = "libc++";
				CLANG_ENABLE_MODULES = YES;
				CLANG_ENABLE_OBJC_ARC = YES;
				CLANG_WARN_BOOL_CONVERSION = YES;
				CLANG_WARN_CONSTANT_CONVERSION = YES;
				CLANG_WARN_DIRECT_OBJC_ISA_USAGE = YES_ERROR;
				CLANG_WARN_EMPTY_BODY = YES;
				CLANG_WARN_ENUM_CONVERSION = YES;
				CLANG_WARN_INT_CONVERSION = YES;
				CLANG_WARN_OBJC_ROOT_CLASS = YES_ERROR;
				CLANG_WARN_UNREACHABLE_CODE = YES;
				CLANG_WARN__DUPLICATE_METHOD_MATCH = YES;
				"CODE_SIGN_IDENTITY[sdk=iphoneos*]" = "iPhone Developer";
				COPY_PHASE_STRIP = NO;
				ENABLE_STRICT_OBJC_MSGSEND = YES;
				GCC_C_LANGUAGE_STANDARD = gnu99;
				GCC_DYNAMIC_NO_PIC = NO;
				GCC_OPTIMIZATION_LEVEL = 0;
				GCC_PREPROCESSOR_DEFINITIONS = (
					"DEBUG=1",
					"$(inherited)",
				);
				GCC_SYMBOLS_PRIVATE_EXTERN = NO;
				GCC_WARN_64_TO_32_BIT_CONVERSION = YES;
				GCC_WARN_ABOUT_RETURN_TYPE = YES_ERROR;
				GCC_WARN_UNDECLARED_SELECTOR = YES;
				GCC_WARN_UNINITIALIZED_AUTOS = YES_AGGRESSIVE;
				GCC_WARN_UNUSED_FUNCTION = YES;
				GCC_WARN_UNUSED_VARIABLE = YES;
				IPHONEOS_DEPLOYMENT_TARGET = 8.1;
				MTL_ENABLE_DEBUG_INFO = YES;
				ONLY_ACTIVE_ARCH = YES;
				SDKROOT = iphoneos;
				TARGETED_DEVICE_FAMILY = "1,2";
			};
			name = Debug;
		};
		872C49091A69251A001BD610 /* Release */ = {
			isa = XCBuildConfiguration;
			buildSettings = {
				ALWAYS_SEARCH_USER_PATHS = NO;
				CLANG_CXX_LANGUAGE_STANDARD = "gnu++0x";
				CLANG_CXX_LIBRARY = "libc++";
				CLANG_ENABLE_MODULES = YES;
				CLANG_ENABLE_OBJC_ARC = YES;
				CLANG_WARN_BOOL_CONVERSION = YES;
				CLANG_WARN_CONSTANT_CONVERSION = YES;
				CLANG_WARN_DIRECT_OBJC_ISA_USAGE = YES_ERROR;
				CLANG_WARN_EMPTY_BODY = YES;
				CLANG_WARN_ENUM_CONVERSION = YES;
				CLANG_WARN_INT_CONVERSION = YES;
				CLANG_WARN_OBJC_ROOT_CLASS = YES_ERROR;
				CLANG_WARN_UNREACHABLE_CODE = YES;
				CLANG_WARN__DUPLICATE_METHOD_MATCH = YES;
				"CODE_SIGN_IDENTITY[sdk=iphoneos*]" = "iPhone Developer";
				COPY_PHASE_STRIP = YES;
				ENABLE_NS_ASSERTIONS = NO;
				ENABLE_STRICT_OBJC_MSGSEND = YES;
				GCC_C_LANGUAGE_STANDARD = gnu99;
				GCC_WARN_64_TO_32_BIT_CONVERSION = YES;
				GCC_WARN_ABOUT_RETURN_TYPE = YES_ERROR;
				GCC_WARN_UNDECLARED_SELECTOR = YES;
				GCC_WARN_UNINITIALIZED_AUTOS = YES_AGGRESSIVE;
				GCC_WARN_UNUSED_FUNCTION = YES;
				GCC_WARN_UNUSED_VARIABLE = YES;
				IPHONEOS_DEPLOYMENT_TARGET = 8.1;
				MTL_ENABLE_DEBUG_INFO = NO;
				SDKROOT = iphoneos;
				TARGETED_DEVICE_FAMILY = "1,2";
				VALIDATE_PRODUCT = YES;
			};
			name = Release;
		};
		872C490B1A69251A001BD610 /* Debug */ = {
			isa = XCBuildConfiguration;
			baseConfigurationReference = 1986BAD679DE6E19B4FAF424 /* Pods-opencv-facerec.debug.xcconfig */;
			buildSettings = {
				ASSETCATALOG_COMPILER_APPICON_NAME = AppIcon;
				INFOPLIST_FILE = "$(SRCROOT)/FaceRec/Info.plist";
				LD_RUNPATH_SEARCH_PATHS = "$(inherited) @executable_path/Frameworks";
				PRODUCT_NAME = "$(TARGET_NAME)";
			};
			name = Debug;
		};
		872C490C1A69251A001BD610 /* Release */ = {
			isa = XCBuildConfiguration;
			baseConfigurationReference = 6358370C65B537E4894DEFF9 /* Pods-opencv-facerec.release.xcconfig */;
			buildSettings = {
				ASSETCATALOG_COMPILER_APPICON_NAME = AppIcon;
				INFOPLIST_FILE = "$(SRCROOT)/FaceRec/Info.plist";
				LD_RUNPATH_SEARCH_PATHS = "$(inherited) @executable_path/Frameworks";
				PRODUCT_NAME = "$(TARGET_NAME)";
			};
			name = Release;
		};
/* End XCBuildConfiguration section */

/* Begin XCConfigurationList section */
		872C48E21A69251A001BD610 /* Build configuration list for PBXProject "iOS-OpenCV-FaceRec" */ = {
			isa = XCConfigurationList;
			buildConfigurations = (
				872C49081A69251A001BD610 /* Debug */,
				872C49091A69251A001BD610 /* Release */,
			);
			defaultConfigurationIsVisible = 0;
			defaultConfigurationName = Release;
		};
		872C490A1A69251A001BD610 /* Build configuration list for PBXNativeTarget "opencv-facerec" */ = {
			isa = XCConfigurationList;
			buildConfigurations = (
				872C490B1A69251A001BD610 /* Debug */,
				872C490C1A69251A001BD610 /* Release */,
			);
			defaultConfigurationIsVisible = 0;
			defaultConfigurationName = Release;
		};
/* End XCConfigurationList section */
	};
	rootObject = 872C48DF1A69251A001BD610 /* Project object */;
}
