// !$*UTF8*$!
{
	archiveVersion = 1;
	classes = {
	};
	objectVersion = 46;
	objects = {

/* Begin PBXBuildFile section */
		872C48ED1A69251A001BD610 /* main.m in Sources */ = {isa = PBXBuildFile; fileRef = 872C48EC1A69251A001BD610 /* main.m */; };
		872C48F01A69251A001BD610 /* AppDelegate.m in Sources */ = {isa = PBXBuildFile; fileRef = 872C48EF1A69251A001BD610 /* AppDelegate.m */; };
		872C48F31A69251A001BD610 /* ViewController.m in Sources */ = {isa = PBXBuildFile; fileRef = 872C48F21A69251A001BD610 /* ViewController.m */; };
		872C48F61A69251A001BD610 /* Main.storyboard in Resources */ = {isa = PBXBuildFile; fileRef = 872C48F41A69251A001BD610 /* Main.storyboard */; };
		872C48F81A69251A001BD610 /* Images.xcassets in Resources */ = {isa = PBXBuildFile; fileRef = 872C48F71A69251A001BD610 /* Images.xcassets */; };
		872C48FB1A69251A001BD610 /* LaunchScreen.xib in Resources */ = {isa = PBXBuildFile; fileRef = 872C48F91A69251A001BD610 /* LaunchScreen.xib */; };
		872C49071A69251A001BD610 /* opencvtestTests.m in Sources */ = {isa = PBXBuildFile; fileRef = 872C49061A69251A001BD610 /* opencvtestTests.m */; };
/* End PBXBuildFile section */

/* Begin PBXContainerItemProxy section */
		872C49011A69251A001BD610 /* PBXContainerItemProxy */ = {
			isa = PBXContainerItemProxy;
			containerPortal = 872C48DF1A69251A001BD610 /* Project object */;
			proxyType = 1;
			remoteGlobalIDString = 872C48E61A69251A001BD610;
			remoteInfo = opencvtest;
		};
/* End PBXContainerItemProxy section */

/* Begin PBXFileReference section */
		872C48E71A69251A001BD610 /* opencvtest.app */ = {isa = PBXFileReference; explicitFileType = wrapper.application; includeInIndex = 0; path = opencvtest.app; sourceTree = BUILT_PRODUCTS_DIR; };
		872C48EB1A69251A001BD610 /* Info.plist */ = {isa = PBXFileReference; lastKnownFileType = text.plist.xml; path = Info.plist; sourceTree = "<group>"; };
		872C48EC1A69251A001BD610 /* main.m */ = {isa = PBXFileReference; lastKnownFileType = sourcecode.c.objc; path = main.m; sourceTree = "<group>"; };
		872C48EE1A69251A001BD610 /* AppDelegate.h */ = {isa = PBXFileReference; lastKnownFileType = sourcecode.c.h; path = AppDelegate.h; sourceTree = "<group>"; };
		872C48EF1A69251A001BD610 /* AppDelegate.m */ = {isa = PBXFileReference; lastKnownFileType = sourcecode.c.objc; path = AppDelegate.m; sourceTree = "<group>"; };
		872C48F11A69251A001BD610 /* ViewController.h */ = {isa = PBXFileReference; lastKnownFileType = sourcecode.c.h; path = ViewController.h; sourceTree = "<group>"; };
		872C48F21A69251A001BD610 /* ViewController.m */ = {isa = PBXFileReference; lastKnownFileType = sourcecode.c.objc; path = ViewController.m; sourceTree = "<group>"; };
		872C48F51A69251A001BD610 /* Base */ = {isa = PBXFileReference; lastKnownFileType = file.storyboard; name = Base; path = Base.lproj/Main.storyboard; sourceTree = "<group>"; };
		872C48F71A69251A001BD610 /* Images.xcassets */ = {isa = PBXFileReference; lastKnownFileType = folder.assetcatalog; path = Images.xcassets; sourceTree = "<group>"; };
		872C48FA1A69251A001BD610 /* Base */ = {isa = PBXFileReference; lastKnownFileType = file.xib; name = Base; path = Base.lproj/LaunchScreen.xib; sourceTree = "<group>"; };
		872C49001A69251A001BD610 /* opencvtestTests.xctest */ = {isa = PBXFileReference; explicitFileType = wrapper.cfbundle; includeInIndex = 0; path = opencvtestTests.xctest; sourceTree = BUILT_PRODUCTS_DIR; };
		872C49051A69251A001BD610 /* Info.plist */ = {isa = PBXFileReference; lastKnownFileType = text.plist.xml; path = Info.plist; sourceTree = "<group>"; };
		872C49061A69251A001BD610 /* opencvtestTests.m */ = {isa = PBXFileReference; lastKnownFileType = sourcecode.c.objc; path = opencvtestTests.m; sourceTree = "<group>"; };
/* End PBXFileReference section */

/* Begin PBXFrameworksBuildPhase section */
		872C48E41A69251A001BD610 /* Frameworks */ = {
			isa = PBXFrameworksBuildPhase;
			buildActionMask = 2147483647;
			files = (
			);
			runOnlyForDeploymentPostprocessing = 0;
		};
		872C48FD1A69251A001BD610 /* Frameworks */ = {
			isa = PBXFrameworksBuildPhase;
			buildActionMask = 2147483647;
			files = (
			);
			runOnlyForDeploymentPostprocessing = 0;
		};
/* End PBXFrameworksBuildPhase section */

/* Begin PBXGroup section */
		872C48DE1A69251A001BD610 = {
			isa = PBXGroup;
			children = (
				872C48E91A69251A001BD610 /* opencvtest */,
				872C49031A69251A001BD610 /* opencvtestTests */,
				872C48E81A69251A001BD610 /* Products */,
			);
			sourceTree = "<group>";
		};
		872C48E81A69251A001BD610 /* Products */ = {
			isa = PBXGroup;
			children = (
				872C48E71A69251A001BD610 /* opencvtest.app */,
				872C49001A69251A001BD610 /* opencvtestTests.xctest */,
			);
			name = Products;
			sourceTree = "<group>";
		};
		872C48E91A69251A001BD610 /* opencvtest */ = {
			isa = PBXGroup;
			children = (
				872C48EE1A69251A001BD610 /* AppDelegate.h */,
				872C48EF1A69251A001BD610 /* AppDelegate.m */,
				872C48F11A69251A001BD610 /* ViewController.h */,
				872C48F21A69251A001BD610 /* ViewController.m */,
				872C48F41A69251A001BD610 /* Main.storyboard */,
				872C48F71A69251A001BD610 /* Images.xcassets */,
				872C48F91A69251A001BD610 /* LaunchScreen.xib */,
				872C48EA1A69251A001BD610 /* Supporting Files */,
			);
			path = opencvtest;
			sourceTree = "<group>";
		};
		872C48EA1A69251A001BD610 /* Supporting Files */ = {
			isa = PBXGroup;
			children = (
				872C48EB1A69251A001BD610 /* Info.plist */,
				872C48EC1A69251A001BD610 /* main.m */,
			);
			name = "Supporting Files";
			sourceTree = "<group>";
		};
		872C49031A69251A001BD610 /* opencvtestTests */ = {
			isa = PBXGroup;
			children = (
				872C49061A69251A001BD610 /* opencvtestTests.m */,
				872C49041A69251A001BD610 /* Supporting Files */,
			);
			path = opencvtestTests;
			sourceTree = "<group>";
		};
		872C49041A69251A001BD610 /* Supporting Files */ = {
			isa = PBXGroup;
			children = (
				872C49051A69251A001BD610 /* Info.plist */,
			);
			name = "Supporting Files";
			sourceTree = "<group>";
		};
/* End PBXGroup section */

/* Begin PBXNativeTarget section */
		872C48E61A69251A001BD610 /* opencvtest */ = {
			isa = PBXNativeTarget;
			buildConfigurationList = 872C490A1A69251A001BD610 /* Build configuration list for PBXNativeTarget "opencvtest" */;
			buildPhases = (
				872C48E31A69251A001BD610 /* Sources */,
				872C48E41A69251A001BD610 /* Frameworks */,
				872C48E51A69251A001BD610 /* Resources */,
			);
			buildRules = (
			);
			dependencies = (
			);
			name = opencvtest;
			productName = opencvtest;
			productReference = 872C48E71A69251A001BD610 /* opencvtest.app */;
			productType = "com.apple.product-type.application";
		};
		872C48FF1A69251A001BD610 /* opencvtestTests */ = {
			isa = PBXNativeTarget;
			buildConfigurationList = 872C490D1A69251A001BD610 /* Build configuration list for PBXNativeTarget "opencvtestTests" */;
			buildPhases = (
				872C48FC1A69251A001BD610 /* Sources */,
				872C48FD1A69251A001BD610 /* Frameworks */,
				872C48FE1A69251A001BD610 /* Resources */,
			);
			buildRules = (
			);
			dependencies = (
				872C49021A69251A001BD610 /* PBXTargetDependency */,
			);
			name = opencvtestTests;
			productName = opencvtestTests;
			productReference = 872C49001A69251A001BD610 /* opencvtestTests.xctest */;
			productType = "com.apple.product-type.bundle.unit-test";
		};
/* End PBXNativeTarget section */

/* Begin PBXProject section */
		872C48DF1A69251A001BD610 /* Project object */ = {
			isa = PBXProject;
			attributes = {
				LastUpgradeCheck = 0610;
				ORGANIZATIONNAME = "Fifteen Jugglers Software";
				TargetAttributes = {
					872C48E61A69251A001BD610 = {
						CreatedOnToolsVersion = 6.1.1;
					};
					872C48FF1A69251A001BD610 = {
						CreatedOnToolsVersion = 6.1.1;
						TestTargetID = 872C48E61A69251A001BD610;
					};
				};
			};
			buildConfigurationList = 872C48E21A69251A001BD610 /* Build configuration list for PBXProject "opencvtest" */;
			compatibilityVersion = "Xcode 3.2";
			developmentRegion = English;
			hasScannedForEncodings = 0;
			knownRegions = (
				en,
				Base,
			);
			mainGroup = 872C48DE1A69251A001BD610;
			productRefGroup = 872C48E81A69251A001BD610 /* Products */;
			projectDirPath = "";
			projectRoot = "";
			targets = (
				872C48E61A69251A001BD610 /* opencvtest */,
				872C48FF1A69251A001BD610 /* opencvtestTests */,
			);
		};
/* End PBXProject section */

/* Begin PBXResourcesBuildPhase section */
		872C48E51A69251A001BD610 /* Resources */ = {
			isa = PBXResourcesBuildPhase;
			buildActionMask = 2147483647;
			files = (
				872C48F61A69251A001BD610 /* Main.storyboard in Resources */,
				872C48FB1A69251A001BD610 /* LaunchScreen.xib in Resources */,
				872C48F81A69251A001BD610 /* Images.xcassets in Resources */,
			);
			runOnlyForDeploymentPostprocessing = 0;
		};
		872C48FE1A69251A001BD610 /* Resources */ = {
			isa = PBXResourcesBuildPhase;
			buildActionMask = 2147483647;
			files = (
			);
			runOnlyForDeploymentPostprocessing = 0;
		};
/* End PBXResourcesBuildPhase section */

/* Begin PBXSourcesBuildPhase section */
		872C48E31A69251A001BD610 /* Sources */ = {
			isa = PBXSourcesBuildPhase;
			buildActionMask = 2147483647;
			files = (
				872C48F31A69251A001BD610 /* ViewController.m in Sources */,
				872C48F01A69251A001BD610 /* AppDelegate.m in Sources */,
				872C48ED1A69251A001BD610 /* main.m in Sources */,
			);
			runOnlyForDeploymentPostprocessing = 0;
		};
		872C48FC1A69251A001BD610 /* Sources */ = {
			isa = PBXSourcesBuildPhase;
			buildActionMask = 2147483647;
			files = (
				872C49071A69251A001BD610 /* opencvtestTests.m in Sources */,
			);
			runOnlyForDeploymentPostprocessing = 0;
		};
/* End PBXSourcesBuildPhase section */

/* Begin PBXTargetDependency section */
		872C49021A69251A001BD610 /* PBXTargetDependency */ = {
			isa = PBXTargetDependency;
			target = 872C48E61A69251A001BD610 /* opencvtest */;
			targetProxy = 872C49011A69251A001BD610 /* PBXContainerItemProxy */;
		};
/* End PBXTargetDependency section */

/* Begin PBXVariantGroup section */
		872C48F41A69251A001BD610 /* Main.storyboard */ = {
			isa = PBXVariantGroup;
			children = (
				872C48F51A69251A001BD610 /* Base */,
			);
			name = Main.storyboard;
			sourceTree = "<group>";
		};
		872C48F91A69251A001BD610 /* LaunchScreen.xib */ = {
			isa = PBXVariantGroup;
			children = (
				872C48FA1A69251A001BD610 /* Base */,
			);
			name = LaunchScreen.xib;
			sourceTree = "<group>";
		};
/* End PBXVariantGroup section */

/* Begin XCBuildConfiguration section */
		872C49081A69251A001BD610 /* Debug */ = {
			isa = XCBuildConfiguration;
			buildSettings = {
				ALWAYS_SEARCH_USER_PATHS = NO;
				CLANG_CXX_LANGUAGE_STANDARD = "gnu++0x";
				CLANG_CXX_LIBRARY = "libc++";
				CLANG_ENABLE_MODULES = YES;
				CLANG_ENABLE_OBJC_ARC = YES;
				CLANG_WARN_BOOL_CONVERSION = YES;
				CLANG_WARN_CONSTANT_CONVERSION = YES;
				CLANG_WARN_DIRECT_OBJC_ISA_USAGE = YES_ERROR;
				CLANG_WARN_EMPTY_BODY = YES;
				CLANG_WARN_ENUM_CONVERSION = YES;
				CLANG_WARN_INT_CONVERSION = YES;
				CLANG_WARN_OBJC_ROOT_CLASS = YES_ERROR;
				CLANG_WARN_UNREACHABLE_CODE = YES;
				CLANG_WARN__DUPLICATE_METHOD_MATCH = YES;
				"CODE_SIGN_IDENTITY[sdk=iphoneos*]" = "iPhone Developer";
				COPY_PHASE_STRIP = NO;
				ENABLE_STRICT_OBJC_MSGSEND = YES;
				GCC_C_LANGUAGE_STANDARD = gnu99;
				GCC_DYNAMIC_NO_PIC = NO;
				GCC_OPTIMIZATION_LEVEL = 0;
				GCC_PREPROCESSOR_DEFINITIONS = (
					"DEBUG=1",
					"$(inherited)",
				);
				GCC_SYMBOLS_PRIVATE_EXTERN = NO;
				GCC_WARN_64_TO_32_BIT_CONVERSION = YES;
				GCC_WARN_ABOUT_RETURN_TYPE = YES_ERROR;
				GCC_WARN_UNDECLARED_SELECTOR = YES;
				GCC_WARN_UNINITIALIZED_AUTOS = YES_AGGRESSIVE;
				GCC_WARN_UNUSED_FUNCTION = YES;
				GCC_WARN_UNUSED_VARIABLE = YES;
				IPHONEOS_DEPLOYMENT_TARGET = 8.1;
				MTL_ENABLE_DEBUG_INFO = YES;
				ONLY_ACTIVE_ARCH = YES;
				SDKROOT = iphoneos;
				TARGETED_DEVICE_FAMILY = "1,2";
			};
			name = Debug;
		};
		872C49091A69251A001BD610 /* Release */ = {
			isa = XCBuildConfiguration;
			buildSettings = {
				ALWAYS_SEARCH_USER_PATHS = NO;
				CLANG_CXX_LANGUAGE_STANDARD = "gnu++0x";
				CLANG_CXX_LIBRARY = "libc++";
				CLANG_ENABLE_MODULES = YES;
				CLANG_ENABLE_OBJC_ARC = YES;
				CLANG_WARN_BOOL_CONVERSION = YES;
				CLANG_WARN_CONSTANT_CONVERSION = YES;
				CLANG_WARN_DIRECT_OBJC_ISA_USAGE = YES_ERROR;
				CLANG_WARN_EMPTY_BODY = YES;
				CLANG_WARN_ENUM_CONVERSION = YES;
				CLANG_WARN_INT_CONVERSION = YES;
				CLANG_WARN_OBJC_ROOT_CLASS = YES_ERROR;
				CLANG_WARN_UNREACHABLE_CODE = YES;
				CLANG_WARN__DUPLICATE_METHOD_MATCH = YES;
				"CODE_SIGN_IDENTITY[sdk=iphoneos*]" = "iPhone Developer";
				COPY_PHASE_STRIP = YES;
				ENABLE_NS_ASSERTIONS = NO;
				ENABLE_STRICT_OBJC_MSGSEND = YES;
				GCC_C_LANGUAGE_STANDARD = gnu99;
				GCC_WARN_64_TO_32_BIT_CONVERSION = YES;
				GCC_WARN_ABOUT_RETURN_TYPE = YES_ERROR;
				GCC_WARN_UNDECLARED_SELECTOR = YES;
				GCC_WARN_UNINITIALIZED_AUTOS = YES_AGGRESSIVE;
				GCC_WARN_UNUSED_FUNCTION = YES;
				GCC_WARN_UNUSED_VARIABLE = YES;
				IPHONEOS_DEPLOYMENT_TARGET = 8.1;
				MTL_ENABLE_DEBUG_INFO = NO;
				SDKROOT = iphoneos;
				TARGETED_DEVICE_FAMILY = "1,2";
				VALIDATE_PRODUCT = YES;
			};
			name = Release;
		};
		872C490B1A69251A001BD610 /* Debug */ = {
			isa = XCBuildConfiguration;
			buildSettings = {
				ASSETCATALOG_COMPILER_APPICON_NAME = AppIcon;
				INFOPLIST_FILE = opencvtest/Info.plist;
				LD_RUNPATH_SEARCH_PATHS = "$(inherited) @executable_path/Frameworks";
				PRODUCT_NAME = "$(TARGET_NAME)";
			};
			name = Debug;
		};
		872C490C1A69251A001BD610 /* Release */ = {
			isa = XCBuildConfiguration;
			buildSettings = {
				ASSETCATALOG_COMPILER_APPICON_NAME = AppIcon;
				INFOPLIST_FILE = opencvtest/Info.plist;
				LD_RUNPATH_SEARCH_PATHS = "$(inherited) @executable_path/Frameworks";
				PRODUCT_NAME = "$(TARGET_NAME)";
			};
			name = Release;
		};
		872C490E1A69251A001BD610 /* Debug */ = {
			isa = XCBuildConfiguration;
			buildSettings = {
				BUNDLE_LOADER = "$(TEST_HOST)";
				FRAMEWORK_SEARCH_PATHS = (
					"$(SDKROOT)/Developer/Library/Frameworks",
					"$(inherited)",
				);
				GCC_PREPROCESSOR_DEFINITIONS = (
					"DEBUG=1",
					"$(inherited)",
				);
				INFOPLIST_FILE = opencvtestTests/Info.plist;
				LD_RUNPATH_SEARCH_PATHS = "$(inherited) @executable_path/Frameworks @loader_path/Frameworks";
				PRODUCT_NAME = "$(TARGET_NAME)";
				TEST_HOST = "$(BUILT_PRODUCTS_DIR)/opencvtest.app/opencvtest";
			};
			name = Debug;
		};
		872C490F1A69251A001BD610 /* Release */ = {
			isa = XCBuildConfiguration;
			buildSettings = {
				BUNDLE_LOADER = "$(TEST_HOST)";
				FRAMEWORK_SEARCH_PATHS = (
					"$(SDKROOT)/Developer/Library/Frameworks",
					"$(inherited)",
				);
				INFOPLIST_FILE = opencvtestTests/Info.plist;
				LD_RUNPATH_SEARCH_PATHS = "$(inherited) @executable_path/Frameworks @loader_path/Frameworks";
				PRODUCT_NAME = "$(TARGET_NAME)";
				TEST_HOST = "$(BUILT_PRODUCTS_DIR)/opencvtest.app/opencvtest";
			};
			name = Release;
		};
/* End XCBuildConfiguration section */

/* Begin XCConfigurationList section */
		872C48E21A69251A001BD610 /* Build configuration list for PBXProject "opencvtest" */ = {
			isa = XCConfigurationList;
			buildConfigurations = (
				872C49081A69251A001BD610 /* Debug */,
				872C49091A69251A001BD610 /* Release */,
			);
			defaultConfigurationIsVisible = 0;
			defaultConfigurationName = Release;
		};
		872C490A1A69251A001BD610 /* Build configuration list for PBXNativeTarget "opencvtest" */ = {
			isa = XCConfigurationList;
			buildConfigurations = (
				872C490B1A69251A001BD610 /* Debug */,
				872C490C1A69251A001BD610 /* Release */,
			);
			defaultConfigurationIsVisible = 0;
		};
		872C490D1A69251A001BD610 /* Build configuration list for PBXNativeTarget "opencvtestTests" */ = {
			isa = XCConfigurationList;
			buildConfigurations = (
				872C490E1A69251A001BD610 /* Debug */,
				872C490F1A69251A001BD610 /* Release */,
			);
			defaultConfigurationIsVisible = 0;
		};
/* End XCConfigurationList section */
	};
	rootObject = 872C48DF1A69251A001BD610 /* Project object */;
}
